// !$*UTF8*$!
{
	archiveVersion = 1;
	classes = {
	};
	objectVersion = 60;
	objects = {

/* Begin PBXBuildFile section */
		060363F42B688EFB005B48ED /* AuthenticationManager.swift in Sources */ = {isa = PBXBuildFile; fileRef = 060363F32B688EFB005B48ED /* AuthenticationManager.swift */; };
		060363F62B688F10005B48ED /* LoginRepository.swift in Sources */ = {isa = PBXBuildFile; fileRef = 060363F52B688F10005B48ED /* LoginRepository.swift */; };
		060363F82B688F29005B48ED /* LoginRemoteSource.swift in Sources */ = {isa = PBXBuildFile; fileRef = 060363F72B688F29005B48ED /* LoginRemoteSource.swift */; };
		060363FB2B688FD9005B48ED /* UserRepository.swift in Sources */ = {isa = PBXBuildFile; fileRef = 060363FA2B688FD9005B48ED /* UserRepository.swift */; };
		060363FD2B688FF3005B48ED /* UserRemoteSource.swift in Sources */ = {isa = PBXBuildFile; fileRef = 060363FC2B688FF3005B48ED /* UserRemoteSource.swift */; };
		060364012B68920B005B48ED /* MainView.swift in Sources */ = {isa = PBXBuildFile; fileRef = 060364002B68920B005B48ED /* MainView.swift */; };
		060364042B6892F3005B48ED /* AppViewController.swift in Sources */ = {isa = PBXBuildFile; fileRef = 060364032B6892F3005B48ED /* AppViewController.swift */; };
		060364062B689304005B48ED /* AppViewModel.swift in Sources */ = {isa = PBXBuildFile; fileRef = 060364052B689304005B48ED /* AppViewModel.swift */; };
		06102B9E2B94259C0063FEC5 /* AddCarController.swift in Sources */ = {isa = PBXBuildFile; fileRef = 06102B9D2B94259C0063FEC5 /* AddCarController.swift */; };
		06102BA02B9425A70063FEC5 /* AddCarView.swift in Sources */ = {isa = PBXBuildFile; fileRef = 06102B9F2B9425A70063FEC5 /* AddCarView.swift */; };
		06102BA32B9426140063FEC5 /* ChooseModelController.swift in Sources */ = {isa = PBXBuildFile; fileRef = 06102BA22B9426140063FEC5 /* ChooseModelController.swift */; };
		06102BA52B9426200063FEC5 /* ChooseModelView.swift in Sources */ = {isa = PBXBuildFile; fileRef = 06102BA42B9426200063FEC5 /* ChooseModelView.swift */; };
		06102BA72B9429160063FEC5 /* Car.swift in Sources */ = {isa = PBXBuildFile; fileRef = 06102BA62B9429160063FEC5 /* Car.swift */; };
		0612A4242B9F929D00936B60 /* MonthYearWheelPicker in Frameworks */ = {isa = PBXBuildFile; productRef = 0612A4232B9F929D00936B60 /* MonthYearWheelPicker */; };
		0614777C2B9551A800A585A0 /* PaymentMethodViewModel.swift in Sources */ = {isa = PBXBuildFile; fileRef = 0614777B2B9551A800A585A0 /* PaymentMethodViewModel.swift */; };
		061F68A52BAFD2FE004954DF /* TFError.swift in Sources */ = {isa = PBXBuildFile; fileRef = 061F68A42BAFD2FE004954DF /* TFError.swift */; };
		0622D9042B92390700A84437 /* ToggleView.swift in Sources */ = {isa = PBXBuildFile; fileRef = 0622D9032B92390700A84437 /* ToggleView.swift */; };
		0622D9072B92393900A84437 /* PaymentMethodCell.swift in Sources */ = {isa = PBXBuildFile; fileRef = 0622D9062B92393900A84437 /* PaymentMethodCell.swift */; };
		0622D9092B923A4700A84437 /* PaymentMethod.swift in Sources */ = {isa = PBXBuildFile; fileRef = 0622D9082B923A4700A84437 /* PaymentMethod.swift */; };
		0622D90B2B923A9800A84437 /* PaymentMethodRowType.swift in Sources */ = {isa = PBXBuildFile; fileRef = 0622D90A2B923A9800A84437 /* PaymentMethodRowType.swift */; };
		0622D90D2B923AB800A84437 /* PaymentProviders.swift in Sources */ = {isa = PBXBuildFile; fileRef = 0622D90C2B923AB800A84437 /* PaymentProviders.swift */; };
		0622D9102B923CA300A84437 /* SettingsViewModel.swift in Sources */ = {isa = PBXBuildFile; fileRef = 0622D90F2B923CA300A84437 /* SettingsViewModel.swift */; };
		0622D9132B923CDA00A84437 /* ProfileViewController.swift in Sources */ = {isa = PBXBuildFile; fileRef = 0622D9122B923CDA00A84437 /* ProfileViewController.swift */; };
		0622D9152B923CE900A84437 /* ProfileView.swift in Sources */ = {isa = PBXBuildFile; fileRef = 0622D9142B923CE900A84437 /* ProfileView.swift */; };
		0622D9172B923CF700A84437 /* ProfileRow.swift in Sources */ = {isa = PBXBuildFile; fileRef = 0622D9162B923CF700A84437 /* ProfileRow.swift */; };
		0622D91A2B9242BC00A84437 /* PaymentMethodController.swift in Sources */ = {isa = PBXBuildFile; fileRef = 0622D9192B9242BC00A84437 /* PaymentMethodController.swift */; };
		0622D91C2B9242CD00A84437 /* PaymentMethodView.swift in Sources */ = {isa = PBXBuildFile; fileRef = 0622D91B2B9242CD00A84437 /* PaymentMethodView.swift */; };
		0622D91F2B92431600A84437 /* AddAndEditPMController.swift in Sources */ = {isa = PBXBuildFile; fileRef = 0622D91E2B92431600A84437 /* AddAndEditPMController.swift */; };
		0622D9212B92431F00A84437 /* AddAndEditPMView.swift in Sources */ = {isa = PBXBuildFile; fileRef = 0622D9202B92431F00A84437 /* AddAndEditPMView.swift */; };
		0622D9232B924D1000A84437 /* CustomTableView.swift in Sources */ = {isa = PBXBuildFile; fileRef = 0622D9222B924D1000A84437 /* CustomTableView.swift */; };
		062654992B4F6761007120AD /* Swinject in Frameworks */ = {isa = PBXBuildFile; productRef = 062654982B4F6761007120AD /* Swinject */; };
		0626549B2B4F6762007120AD /* Swinject-Dynamic in Frameworks */ = {isa = PBXBuildFile; productRef = 0626549A2B4F6762007120AD /* Swinject-Dynamic */; };
		062654A02B4F6A0F007120AD /* FirebaseAnalytics in Frameworks */ = {isa = PBXBuildFile; productRef = 0626549F2B4F6A0F007120AD /* FirebaseAnalytics */; };
		062654A22B4F6A0F007120AD /* FirebaseAnalyticsOnDeviceConversion in Frameworks */ = {isa = PBXBuildFile; productRef = 062654A12B4F6A0F007120AD /* FirebaseAnalyticsOnDeviceConversion */; };
		062654A42B4F6A0F007120AD /* FirebaseAnalyticsSwift in Frameworks */ = {isa = PBXBuildFile; productRef = 062654A32B4F6A0F007120AD /* FirebaseAnalyticsSwift */; };
		062654A62B4F6A0F007120AD /* FirebaseAnalyticsWithoutAdIdSupport in Frameworks */ = {isa = PBXBuildFile; productRef = 062654A52B4F6A0F007120AD /* FirebaseAnalyticsWithoutAdIdSupport */; };
		062654AB2B4F6BEE007120AD /* DependencyInjection.swift in Sources */ = {isa = PBXBuildFile; fileRef = 062654AA2B4F6BEE007120AD /* DependencyInjection.swift */; };
		062654AD2B4F6F1F007120AD /* AppUser.swift in Sources */ = {isa = PBXBuildFile; fileRef = 062654AC2B4F6F1F007120AD /* AppUser.swift */; };
		062654B22B4F74B9007120AD /* FirebaseManager.swift in Sources */ = {isa = PBXBuildFile; fileRef = 062654B12B4F74B9007120AD /* FirebaseManager.swift */; };
		064A90312B79B341003E1734 /* GoogleService-Info.plist in Resources */ = {isa = PBXBuildFile; fileRef = 064A90302B79B341003E1734 /* GoogleService-Info.plist */; };
		065F72AC2B50CB8000CF9C5F /* MainViewModel.swift in Sources */ = {isa = PBXBuildFile; fileRef = 065F72AB2B50CB8000CF9C5F /* MainViewModel.swift */; };
		065F72AF2B50CCC900CF9C5F /* SignUpViewModel.swift in Sources */ = {isa = PBXBuildFile; fileRef = 065F72AE2B50CCC900CF9C5F /* SignUpViewModel.swift */; };
		06A5A4572B6DF89A00C05BCC /* DBUser.swift in Sources */ = {isa = PBXBuildFile; fileRef = 06A5A4562B6DF89A00C05BCC /* DBUser.swift */; };
		06A5A4592B6DFB7300C05BCC /* SignInViewModel.swift in Sources */ = {isa = PBXBuildFile; fileRef = 06A5A4582B6DFB7300C05BCC /* SignInViewModel.swift */; };
		06A5F40F2B3A68DF000C0218 /* AppDelegate.swift in Sources */ = {isa = PBXBuildFile; fileRef = 06A5F40E2B3A68DF000C0218 /* AppDelegate.swift */; };
		06A5F4132B3A68DF000C0218 /* MainViewController.swift in Sources */ = {isa = PBXBuildFile; fileRef = 06A5F4122B3A68DF000C0218 /* MainViewController.swift */; };
		06A5F4182B3A68E4000C0218 /* Assets.xcassets in Resources */ = {isa = PBXBuildFile; fileRef = 06A5F4172B3A68E4000C0218 /* Assets.xcassets */; };
		06A5F41B2B3A68E4000C0218 /* LaunchScreen.storyboard in Resources */ = {isa = PBXBuildFile; fileRef = 06A5F4192B3A68E4000C0218 /* LaunchScreen.storyboard */; };
		06B4D8D72B4F767800DD78CB /* FirebaseAuth in Frameworks */ = {isa = PBXBuildFile; productRef = 06B4D8D62B4F767800DD78CB /* FirebaseAuth */; };
		06B4D8D92B4F768A00DD78CB /* FirebaseDatabase in Frameworks */ = {isa = PBXBuildFile; productRef = 06B4D8D82B4F768A00DD78CB /* FirebaseDatabase */; };
		06B4D8DB2B4F769300DD78CB /* FirebaseDatabaseSwift in Frameworks */ = {isa = PBXBuildFile; productRef = 06B4D8DA2B4F769300DD78CB /* FirebaseDatabaseSwift */; };
		06B4D8DD2B4F769900DD78CB /* FirebaseFirestore in Frameworks */ = {isa = PBXBuildFile; productRef = 06B4D8DC2B4F769900DD78CB /* FirebaseFirestore */; };
		06B4D8DF2B4F769E00DD78CB /* FirebaseFirestoreSwift in Frameworks */ = {isa = PBXBuildFile; productRef = 06B4D8DE2B4F769E00DD78CB /* FirebaseFirestoreSwift */; };
		06B4D8E12B4F76B300DD78CB /* FirebaseStorage in Frameworks */ = {isa = PBXBuildFile; productRef = 06B4D8E02B4F76B300DD78CB /* FirebaseStorage */; };
		06B4D8E32B4F7BD300DD78CB /* AutenticationRepository.swift in Sources */ = {isa = PBXBuildFile; fileRef = 06B4D8E22B4F7BD300DD78CB /* AutenticationRepository.swift */; };
		06ED5B3E2BD0489200202332 /* CarList.graphql in Resources */ = {isa = PBXBuildFile; fileRef = 06ED5B3D2BD0489200202332 /* CarList.graphql */; };
		06ED5B412BD048FF00202332 /* ChargeTripAPI in Frameworks */ = {isa = PBXBuildFile; productRef = 06ED5B402BD048FF00202332 /* ChargeTripAPI */; };
		06ED5B442BD0498600202332 /* NetworkManager.swift in Sources */ = {isa = PBXBuildFile; fileRef = 06ED5B432BD0498600202332 /* NetworkManager.swift */; };
		06ED5B462BD049A800202332 /* AuthorizationKeys.swift in Sources */ = {isa = PBXBuildFile; fileRef = 06ED5B452BD049A800202332 /* AuthorizationKeys.swift */; };
		06ED5B482BD049C500202332 /* AuthorizationInterceptor.swift in Sources */ = {isa = PBXBuildFile; fileRef = 06ED5B472BD049C500202332 /* AuthorizationInterceptor.swift */; };
		06ED5B4A2BD049EA00202332 /* NetworkInterceptorProvider.swift in Sources */ = {isa = PBXBuildFile; fileRef = 06ED5B492BD049EA00202332 /* NetworkInterceptorProvider.swift */; };
		06ED5B4C2BD04A0100202332 /* CellIdentifier.swift in Sources */ = {isa = PBXBuildFile; fileRef = 06ED5B4B2BD04A0100202332 /* CellIdentifier.swift */; };
		06ED5B4E2BD04B0600202332 /* CarsViewModel.swift in Sources */ = {isa = PBXBuildFile; fileRef = 06ED5B4D2BD04B0600202332 /* CarsViewModel.swift */; };
		06ED5B512BD04C3D00202332 /* CarBrandCell.swift in Sources */ = {isa = PBXBuildFile; fileRef = 06ED5B502BD04C3D00202332 /* CarBrandCell.swift */; };
		06ED5B532BD04D0400202332 /* ChooseModelCell.swift in Sources */ = {isa = PBXBuildFile; fileRef = 06ED5B522BD04D0400202332 /* ChooseModelCell.swift */; };
		06F12F492BD0403400C9AE27 /* Apollo in Frameworks */ = {isa = PBXBuildFile; productRef = 06F12F482BD0403400C9AE27 /* Apollo */; };
		06F12F4B2BD0403F00C9AE27 /* ApolloAPI in Frameworks */ = {isa = PBXBuildFile; productRef = 06F12F4A2BD0403F00C9AE27 /* ApolloAPI */; };
		29282FAD2B8F68ED0056A185 /* SearchFieldView.swift in Sources */ = {isa = PBXBuildFile; fileRef = 29282FAC2B8F68EC0056A185 /* SearchFieldView.swift */; };
		29282FAF2B8F811C0056A185 /* RoundedButton.swift in Sources */ = {isa = PBXBuildFile; fileRef = 29282FAE2B8F811B0056A185 /* RoundedButton.swift */; };
		29282FB22B8FBA570056A185 /* SideMenuView.swift in Sources */ = {isa = PBXBuildFile; fileRef = 29282FB12B8FBA570056A185 /* SideMenuView.swift */; };
		29282FB82B90F3510056A185 /* SideMenuRowType.swift in Sources */ = {isa = PBXBuildFile; fileRef = 29282FB72B90F3510056A185 /* SideMenuRowType.swift */; };
		29282FBA2B91CAFC0056A185 /* SideMenuRowTap.swift in Sources */ = {isa = PBXBuildFile; fileRef = 29282FB92B91CAFC0056A185 /* SideMenuRowTap.swift */; };
		29282FBC2B98B33E0056A185 /* UIViewController.swift in Sources */ = {isa = PBXBuildFile; fileRef = 29282FBB2B98B33E0056A185 /* UIViewController.swift */; };
		29282FBF2B98B6EA0056A185 /* BaseViewController.swift in Sources */ = {isa = PBXBuildFile; fileRef = 29282FBE2B98B6EA0056A185 /* BaseViewController.swift */; };
		2953A4462B77D1870020F8AC /* AddNameAndPhoneNumberView.swift in Sources */ = {isa = PBXBuildFile; fileRef = 2953A4452B77D1870020F8AC /* AddNameAndPhoneNumberView.swift */; };
		2953A4482B77D1DC0020F8AC /* AddNameAndPhoneNumberController.swift in Sources */ = {isa = PBXBuildFile; fileRef = 2953A4472B77D1DC0020F8AC /* AddNameAndPhoneNumberController.swift */; };
		296C27E32B67F7930052D350 /* SuccessfulAlertView.swift in Sources */ = {isa = PBXBuildFile; fileRef = 296C27E22B67F7930052D350 /* SuccessfulAlertView.swift */; };
		296C27E52B67F9DB0052D350 /* TextLabel.swift in Sources */ = {isa = PBXBuildFile; fileRef = 296C27E42B67F9DB0052D350 /* TextLabel.swift */; };
		298B7F1F2B697B47003A36C7 /* AddDetailsView.swift in Sources */ = {isa = PBXBuildFile; fileRef = 298B7F1E2B697B47003A36C7 /* AddDetailsView.swift */; };
		298B7F212B697DA2003A36C7 /* AddDetailsController.swift in Sources */ = {isa = PBXBuildFile; fileRef = 298B7F202B697DA2003A36C7 /* AddDetailsController.swift */; };
		298B7F262B6D2F94003A36C7 /* Colors.xcassets in Resources */ = {isa = PBXBuildFile; fileRef = 298B7F252B6D2F94003A36C7 /* Colors.xcassets */; };
		298B7F282B6D2FB6003A36C7 /* Images.xcassets in Resources */ = {isa = PBXBuildFile; fileRef = 298B7F272B6D2FB6003A36C7 /* Images.xcassets */; };
		298B7F2A2B6D2FDB003A36C7 /* Asset.swift in Sources */ = {isa = PBXBuildFile; fileRef = 298B7F292B6D2FDB003A36C7 /* Asset.swift */; };
		298B7F2C2B6D2FF8003A36C7 /* Colors.swift in Sources */ = {isa = PBXBuildFile; fileRef = 298B7F2B2B6D2FF8003A36C7 /* Colors.swift */; };
		298B7F2E2B6D301E003A36C7 /* Icons.swift in Sources */ = {isa = PBXBuildFile; fileRef = 298B7F2D2B6D301E003A36C7 /* Icons.swift */; };
		298B7F302B6E968A003A36C7 /* AddDetailRow.swift in Sources */ = {isa = PBXBuildFile; fileRef = 298B7F2F2B6E968A003A36C7 /* AddDetailRow.swift */; };
		298B7F322B6E96C7003A36C7 /* DetailsRowType.swift in Sources */ = {isa = PBXBuildFile; fileRef = 298B7F312B6E96C7003A36C7 /* DetailsRowType.swift */; };
		29D8B64C2B5567DF00196543 /* SignInController.swift in Sources */ = {isa = PBXBuildFile; fileRef = 29D8B64B2B5567DF00196543 /* SignInController.swift */; };
		29D8B64F2B557DFB00196543 /* TextFieldBackgroundView.swift in Sources */ = {isa = PBXBuildFile; fileRef = 29D8B64E2B557DFB00196543 /* TextFieldBackgroundView.swift */; };
		29D8B6542B559EE400196543 /* UIView+Layout.swift in Sources */ = {isa = PBXBuildFile; fileRef = 29D8B6532B559EE400196543 /* UIView+Layout.swift */; };
		29D8B6562B55AB6900196543 /* LogoView.swift in Sources */ = {isa = PBXBuildFile; fileRef = 29D8B6552B55AB6900196543 /* LogoView.swift */; };
		29D8B65C2B59574E00196543 /* UIView+Stacking.swift in Sources */ = {isa = PBXBuildFile; fileRef = 29D8B65B2B59574E00196543 /* UIView+Stacking.swift */; };
		29D8B65E2B596AEC00196543 /* SignInView.swift in Sources */ = {isa = PBXBuildFile; fileRef = 29D8B65D2B596AEC00196543 /* SignInView.swift */; };
		29D8B6602B597B1D00196543 /* MainButton.swift in Sources */ = {isa = PBXBuildFile; fileRef = 29D8B65F2B597B1D00196543 /* MainButton.swift */; };
		29D8B6622B59815F00196543 /* LinkButton.swift in Sources */ = {isa = PBXBuildFile; fileRef = 29D8B6612B59815F00196543 /* LinkButton.swift */; };
		29D8B6642B5983F700196543 /* TextFieldLabel.swift in Sources */ = {isa = PBXBuildFile; fileRef = 29D8B6632B5983F700196543 /* TextFieldLabel.swift */; };
		29D8B6662B5984DE00196543 /* SecondaryLabel.swift in Sources */ = {isa = PBXBuildFile; fileRef = 29D8B6652B5984DE00196543 /* SecondaryLabel.swift */; };
		29D8B6682B5992F800196543 /* BlueBackgroundView.swift in Sources */ = {isa = PBXBuildFile; fileRef = 29D8B6672B5992F800196543 /* BlueBackgroundView.swift */; };
		29D8B66B2B599D8A00196543 /* SignUpView.swift in Sources */ = {isa = PBXBuildFile; fileRef = 29D8B66A2B599D8A00196543 /* SignUpView.swift */; };
		29D8B66D2B599DA300196543 /* SignUpController.swift in Sources */ = {isa = PBXBuildFile; fileRef = 29D8B66C2B599DA300196543 /* SignUpController.swift */; };
		29D8B66F2B59AB5800196543 /* TextFieldWithPlaceholder.swift in Sources */ = {isa = PBXBuildFile; fileRef = 29D8B66E2B59AB5800196543 /* TextFieldWithPlaceholder.swift */; };
		29D8B6722B59BBD200196543 /* AlertController.swift in Sources */ = {isa = PBXBuildFile; fileRef = 29D8B6712B59BBD200196543 /* AlertController.swift */; };
		29D8B6762B59D3DA00196543 /* ForgotPasswordView.swift in Sources */ = {isa = PBXBuildFile; fileRef = 29D8B6752B59D3DA00196543 /* ForgotPasswordView.swift */; };
/* End PBXBuildFile section */

/* Begin PBXFileReference section */
		060363F32B688EFB005B48ED /* AuthenticationManager.swift */ = {isa = PBXFileReference; lastKnownFileType = sourcecode.swift; path = AuthenticationManager.swift; sourceTree = "<group>"; };
		060363F52B688F10005B48ED /* LoginRepository.swift */ = {isa = PBXFileReference; lastKnownFileType = sourcecode.swift; path = LoginRepository.swift; sourceTree = "<group>"; };
		060363F72B688F29005B48ED /* LoginRemoteSource.swift */ = {isa = PBXFileReference; lastKnownFileType = sourcecode.swift; path = LoginRemoteSource.swift; sourceTree = "<group>"; };
		060363FA2B688FD9005B48ED /* UserRepository.swift */ = {isa = PBXFileReference; lastKnownFileType = sourcecode.swift; path = UserRepository.swift; sourceTree = "<group>"; };
		060363FC2B688FF3005B48ED /* UserRemoteSource.swift */ = {isa = PBXFileReference; lastKnownFileType = sourcecode.swift; path = UserRemoteSource.swift; sourceTree = "<group>"; };
		060364002B68920B005B48ED /* MainView.swift */ = {isa = PBXFileReference; lastKnownFileType = sourcecode.swift; path = MainView.swift; sourceTree = "<group>"; };
		060364032B6892F3005B48ED /* AppViewController.swift */ = {isa = PBXFileReference; lastKnownFileType = sourcecode.swift; path = AppViewController.swift; sourceTree = "<group>"; };
		060364052B689304005B48ED /* AppViewModel.swift */ = {isa = PBXFileReference; lastKnownFileType = sourcecode.swift; path = AppViewModel.swift; sourceTree = "<group>"; };
		06102B9D2B94259C0063FEC5 /* AddCarController.swift */ = {isa = PBXFileReference; lastKnownFileType = sourcecode.swift; path = AddCarController.swift; sourceTree = "<group>"; };
		06102B9F2B9425A70063FEC5 /* AddCarView.swift */ = {isa = PBXFileReference; lastKnownFileType = sourcecode.swift; path = AddCarView.swift; sourceTree = "<group>"; };
		06102BA22B9426140063FEC5 /* ChooseModelController.swift */ = {isa = PBXFileReference; lastKnownFileType = sourcecode.swift; path = ChooseModelController.swift; sourceTree = "<group>"; };
		06102BA42B9426200063FEC5 /* ChooseModelView.swift */ = {isa = PBXFileReference; lastKnownFileType = sourcecode.swift; path = ChooseModelView.swift; sourceTree = "<group>"; };
		06102BA62B9429160063FEC5 /* Car.swift */ = {isa = PBXFileReference; lastKnownFileType = sourcecode.swift; path = Car.swift; sourceTree = "<group>"; };
		0614777B2B9551A800A585A0 /* PaymentMethodViewModel.swift */ = {isa = PBXFileReference; lastKnownFileType = sourcecode.swift; path = PaymentMethodViewModel.swift; sourceTree = "<group>"; };
		061F68A42BAFD2FE004954DF /* TFError.swift */ = {isa = PBXFileReference; lastKnownFileType = sourcecode.swift; path = TFError.swift; sourceTree = "<group>"; };
		0622D9032B92390700A84437 /* ToggleView.swift */ = {isa = PBXFileReference; lastKnownFileType = sourcecode.swift; path = ToggleView.swift; sourceTree = "<group>"; };
		0622D9062B92393900A84437 /* PaymentMethodCell.swift */ = {isa = PBXFileReference; lastKnownFileType = sourcecode.swift; path = PaymentMethodCell.swift; sourceTree = "<group>"; };
		0622D9082B923A4700A84437 /* PaymentMethod.swift */ = {isa = PBXFileReference; lastKnownFileType = sourcecode.swift; path = PaymentMethod.swift; sourceTree = "<group>"; };
		0622D90A2B923A9800A84437 /* PaymentMethodRowType.swift */ = {isa = PBXFileReference; lastKnownFileType = sourcecode.swift; path = PaymentMethodRowType.swift; sourceTree = "<group>"; };
		0622D90C2B923AB800A84437 /* PaymentProviders.swift */ = {isa = PBXFileReference; lastKnownFileType = sourcecode.swift; path = PaymentProviders.swift; sourceTree = "<group>"; };
		0622D90F2B923CA300A84437 /* SettingsViewModel.swift */ = {isa = PBXFileReference; lastKnownFileType = sourcecode.swift; path = SettingsViewModel.swift; sourceTree = "<group>"; };
		0622D9122B923CDA00A84437 /* ProfileViewController.swift */ = {isa = PBXFileReference; lastKnownFileType = sourcecode.swift; path = ProfileViewController.swift; sourceTree = "<group>"; };
		0622D9142B923CE900A84437 /* ProfileView.swift */ = {isa = PBXFileReference; lastKnownFileType = sourcecode.swift; path = ProfileView.swift; sourceTree = "<group>"; };
		0622D9162B923CF700A84437 /* ProfileRow.swift */ = {isa = PBXFileReference; lastKnownFileType = sourcecode.swift; path = ProfileRow.swift; sourceTree = "<group>"; };
		0622D9192B9242BC00A84437 /* PaymentMethodController.swift */ = {isa = PBXFileReference; lastKnownFileType = sourcecode.swift; path = PaymentMethodController.swift; sourceTree = "<group>"; };
		0622D91B2B9242CD00A84437 /* PaymentMethodView.swift */ = {isa = PBXFileReference; lastKnownFileType = sourcecode.swift; path = PaymentMethodView.swift; sourceTree = "<group>"; };
		0622D91E2B92431600A84437 /* AddAndEditPMController.swift */ = {isa = PBXFileReference; lastKnownFileType = sourcecode.swift; path = AddAndEditPMController.swift; sourceTree = "<group>"; };
		0622D9202B92431F00A84437 /* AddAndEditPMView.swift */ = {isa = PBXFileReference; lastKnownFileType = sourcecode.swift; path = AddAndEditPMView.swift; sourceTree = "<group>"; };
		0622D9222B924D1000A84437 /* CustomTableView.swift */ = {isa = PBXFileReference; lastKnownFileType = sourcecode.swift; path = CustomTableView.swift; sourceTree = "<group>"; };
		062654AA2B4F6BEE007120AD /* DependencyInjection.swift */ = {isa = PBXFileReference; lastKnownFileType = sourcecode.swift; path = DependencyInjection.swift; sourceTree = "<group>"; };
		062654AC2B4F6F1F007120AD /* AppUser.swift */ = {isa = PBXFileReference; lastKnownFileType = sourcecode.swift; path = AppUser.swift; sourceTree = "<group>"; };
		062654B12B4F74B9007120AD /* FirebaseManager.swift */ = {isa = PBXFileReference; lastKnownFileType = sourcecode.swift; path = FirebaseManager.swift; sourceTree = "<group>"; };
		064A90302B79B341003E1734 /* GoogleService-Info.plist */ = {isa = PBXFileReference; fileEncoding = 4; lastKnownFileType = text.plist.xml; path = "GoogleService-Info.plist"; sourceTree = "<group>"; };
		065F72AB2B50CB8000CF9C5F /* MainViewModel.swift */ = {isa = PBXFileReference; lastKnownFileType = sourcecode.swift; path = MainViewModel.swift; sourceTree = "<group>"; };
		065F72AE2B50CCC900CF9C5F /* SignUpViewModel.swift */ = {isa = PBXFileReference; lastKnownFileType = sourcecode.swift; path = SignUpViewModel.swift; sourceTree = "<group>"; };
		06A5A4562B6DF89A00C05BCC /* DBUser.swift */ = {isa = PBXFileReference; lastKnownFileType = sourcecode.swift; path = DBUser.swift; sourceTree = "<group>"; };
		06A5A4582B6DFB7300C05BCC /* SignInViewModel.swift */ = {isa = PBXFileReference; lastKnownFileType = sourcecode.swift; path = SignInViewModel.swift; sourceTree = "<group>"; };
		06A5F40B2B3A68DF000C0218 /* WATT.app */ = {isa = PBXFileReference; explicitFileType = wrapper.application; includeInIndex = 0; path = WATT.app; sourceTree = BUILT_PRODUCTS_DIR; };
		06A5F40E2B3A68DF000C0218 /* AppDelegate.swift */ = {isa = PBXFileReference; lastKnownFileType = sourcecode.swift; name = AppDelegate.swift; path = WATT/AppDelegate.swift; sourceTree = SOURCE_ROOT; };
		06A5F4122B3A68DF000C0218 /* MainViewController.swift */ = {isa = PBXFileReference; lastKnownFileType = sourcecode.swift; path = MainViewController.swift; sourceTree = "<group>"; };
		06A5F4172B3A68E4000C0218 /* Assets.xcassets */ = {isa = PBXFileReference; lastKnownFileType = folder.assetcatalog; path = Assets.xcassets; sourceTree = "<group>"; };
		06A5F41A2B3A68E4000C0218 /* Base */ = {isa = PBXFileReference; lastKnownFileType = file.storyboard; name = Base; path = Base.lproj/LaunchScreen.storyboard; sourceTree = "<group>"; };
		06A5F41C2B3A68E4000C0218 /* Info.plist */ = {isa = PBXFileReference; lastKnownFileType = text.plist.xml; path = Info.plist; sourceTree = "<group>"; };
		06B4D8E22B4F7BD300DD78CB /* AutenticationRepository.swift */ = {isa = PBXFileReference; lastKnownFileType = sourcecode.swift; path = AutenticationRepository.swift; sourceTree = "<group>"; };
		06ED5B3D2BD0489200202332 /* CarList.graphql */ = {isa = PBXFileReference; lastKnownFileType = text; name = CarList.graphql; path = graphql/CarList.graphql; sourceTree = SOURCE_ROOT; };
		06ED5B432BD0498600202332 /* NetworkManager.swift */ = {isa = PBXFileReference; lastKnownFileType = sourcecode.swift; path = NetworkManager.swift; sourceTree = "<group>"; };
		06ED5B452BD049A800202332 /* AuthorizationKeys.swift */ = {isa = PBXFileReference; lastKnownFileType = sourcecode.swift; path = AuthorizationKeys.swift; sourceTree = "<group>"; };
		06ED5B472BD049C500202332 /* AuthorizationInterceptor.swift */ = {isa = PBXFileReference; lastKnownFileType = sourcecode.swift; path = AuthorizationInterceptor.swift; sourceTree = "<group>"; };
		06ED5B492BD049EA00202332 /* NetworkInterceptorProvider.swift */ = {isa = PBXFileReference; lastKnownFileType = sourcecode.swift; path = NetworkInterceptorProvider.swift; sourceTree = "<group>"; };
		06ED5B4B2BD04A0100202332 /* CellIdentifier.swift */ = {isa = PBXFileReference; lastKnownFileType = sourcecode.swift; path = CellIdentifier.swift; sourceTree = "<group>"; };
		06ED5B4D2BD04B0600202332 /* CarsViewModel.swift */ = {isa = PBXFileReference; lastKnownFileType = sourcecode.swift; path = CarsViewModel.swift; sourceTree = "<group>"; };
		06ED5B502BD04C3D00202332 /* CarBrandCell.swift */ = {isa = PBXFileReference; lastKnownFileType = sourcecode.swift; path = CarBrandCell.swift; sourceTree = "<group>"; };
		06ED5B522BD04D0400202332 /* ChooseModelCell.swift */ = {isa = PBXFileReference; lastKnownFileType = sourcecode.swift; path = ChooseModelCell.swift; sourceTree = "<group>"; };
		29282FAC2B8F68EC0056A185 /* SearchFieldView.swift */ = {isa = PBXFileReference; lastKnownFileType = sourcecode.swift; path = SearchFieldView.swift; sourceTree = "<group>"; };
		29282FAE2B8F811B0056A185 /* RoundedButton.swift */ = {isa = PBXFileReference; lastKnownFileType = sourcecode.swift; path = RoundedButton.swift; sourceTree = "<group>"; };
		29282FB12B8FBA570056A185 /* SideMenuView.swift */ = {isa = PBXFileReference; lastKnownFileType = sourcecode.swift; path = SideMenuView.swift; sourceTree = "<group>"; };
		29282FB72B90F3510056A185 /* SideMenuRowType.swift */ = {isa = PBXFileReference; lastKnownFileType = sourcecode.swift; path = SideMenuRowType.swift; sourceTree = "<group>"; };
		29282FB92B91CAFC0056A185 /* SideMenuRowTap.swift */ = {isa = PBXFileReference; lastKnownFileType = sourcecode.swift; path = SideMenuRowTap.swift; sourceTree = "<group>"; };
		29282FBB2B98B33E0056A185 /* UIViewController.swift */ = {isa = PBXFileReference; lastKnownFileType = sourcecode.swift; path = UIViewController.swift; sourceTree = "<group>"; };
		29282FBE2B98B6EA0056A185 /* BaseViewController.swift */ = {isa = PBXFileReference; lastKnownFileType = sourcecode.swift; path = BaseViewController.swift; sourceTree = "<group>"; };
		2953A4452B77D1870020F8AC /* AddNameAndPhoneNumberView.swift */ = {isa = PBXFileReference; lastKnownFileType = sourcecode.swift; path = AddNameAndPhoneNumberView.swift; sourceTree = "<group>"; };
		2953A4472B77D1DC0020F8AC /* AddNameAndPhoneNumberController.swift */ = {isa = PBXFileReference; lastKnownFileType = sourcecode.swift; path = AddNameAndPhoneNumberController.swift; sourceTree = "<group>"; };
		296C27E22B67F7930052D350 /* SuccessfulAlertView.swift */ = {isa = PBXFileReference; lastKnownFileType = sourcecode.swift; path = SuccessfulAlertView.swift; sourceTree = "<group>"; };
		296C27E42B67F9DB0052D350 /* TextLabel.swift */ = {isa = PBXFileReference; lastKnownFileType = sourcecode.swift; path = TextLabel.swift; sourceTree = "<group>"; };
		298B7F1E2B697B47003A36C7 /* AddDetailsView.swift */ = {isa = PBXFileReference; lastKnownFileType = sourcecode.swift; path = AddDetailsView.swift; sourceTree = "<group>"; };
		298B7F202B697DA2003A36C7 /* AddDetailsController.swift */ = {isa = PBXFileReference; lastKnownFileType = sourcecode.swift; path = AddDetailsController.swift; sourceTree = "<group>"; };
		298B7F252B6D2F94003A36C7 /* Colors.xcassets */ = {isa = PBXFileReference; lastKnownFileType = folder.assetcatalog; path = Colors.xcassets; sourceTree = "<group>"; };
		298B7F272B6D2FB6003A36C7 /* Images.xcassets */ = {isa = PBXFileReference; lastKnownFileType = folder.assetcatalog; path = Images.xcassets; sourceTree = "<group>"; };
		298B7F292B6D2FDB003A36C7 /* Asset.swift */ = {isa = PBXFileReference; lastKnownFileType = sourcecode.swift; path = Asset.swift; sourceTree = "<group>"; };
		298B7F2B2B6D2FF8003A36C7 /* Colors.swift */ = {isa = PBXFileReference; lastKnownFileType = sourcecode.swift; path = Colors.swift; sourceTree = "<group>"; };
		298B7F2D2B6D301E003A36C7 /* Icons.swift */ = {isa = PBXFileReference; lastKnownFileType = sourcecode.swift; path = Icons.swift; sourceTree = "<group>"; };
		298B7F2F2B6E968A003A36C7 /* AddDetailRow.swift */ = {isa = PBXFileReference; lastKnownFileType = sourcecode.swift; path = AddDetailRow.swift; sourceTree = "<group>"; };
		298B7F312B6E96C7003A36C7 /* DetailsRowType.swift */ = {isa = PBXFileReference; lastKnownFileType = sourcecode.swift; path = DetailsRowType.swift; sourceTree = "<group>"; };
		29D8B64B2B5567DF00196543 /* SignInController.swift */ = {isa = PBXFileReference; lastKnownFileType = sourcecode.swift; path = SignInController.swift; sourceTree = "<group>"; };
		29D8B64E2B557DFB00196543 /* TextFieldBackgroundView.swift */ = {isa = PBXFileReference; lastKnownFileType = sourcecode.swift; path = TextFieldBackgroundView.swift; sourceTree = "<group>"; };
		29D8B6532B559EE400196543 /* UIView+Layout.swift */ = {isa = PBXFileReference; lastKnownFileType = sourcecode.swift; path = "UIView+Layout.swift"; sourceTree = "<group>"; };
		29D8B6552B55AB6900196543 /* LogoView.swift */ = {isa = PBXFileReference; lastKnownFileType = sourcecode.swift; path = LogoView.swift; sourceTree = "<group>"; };
		29D8B65B2B59574E00196543 /* UIView+Stacking.swift */ = {isa = PBXFileReference; lastKnownFileType = sourcecode.swift; path = "UIView+Stacking.swift"; sourceTree = "<group>"; };
		29D8B65D2B596AEC00196543 /* SignInView.swift */ = {isa = PBXFileReference; lastKnownFileType = sourcecode.swift; path = SignInView.swift; sourceTree = "<group>"; };
		29D8B65F2B597B1D00196543 /* MainButton.swift */ = {isa = PBXFileReference; lastKnownFileType = sourcecode.swift; path = MainButton.swift; sourceTree = "<group>"; };
		29D8B6612B59815F00196543 /* LinkButton.swift */ = {isa = PBXFileReference; lastKnownFileType = sourcecode.swift; path = LinkButton.swift; sourceTree = "<group>"; };
		29D8B6632B5983F700196543 /* TextFieldLabel.swift */ = {isa = PBXFileReference; lastKnownFileType = sourcecode.swift; path = TextFieldLabel.swift; sourceTree = "<group>"; };
		29D8B6652B5984DE00196543 /* SecondaryLabel.swift */ = {isa = PBXFileReference; lastKnownFileType = sourcecode.swift; path = SecondaryLabel.swift; sourceTree = "<group>"; };
		29D8B6672B5992F800196543 /* BlueBackgroundView.swift */ = {isa = PBXFileReference; lastKnownFileType = sourcecode.swift; path = BlueBackgroundView.swift; sourceTree = "<group>"; };
		29D8B66A2B599D8A00196543 /* SignUpView.swift */ = {isa = PBXFileReference; lastKnownFileType = sourcecode.swift; path = SignUpView.swift; sourceTree = "<group>"; };
		29D8B66C2B599DA300196543 /* SignUpController.swift */ = {isa = PBXFileReference; lastKnownFileType = sourcecode.swift; path = SignUpController.swift; sourceTree = "<group>"; };
		29D8B66E2B59AB5800196543 /* TextFieldWithPlaceholder.swift */ = {isa = PBXFileReference; lastKnownFileType = sourcecode.swift; path = TextFieldWithPlaceholder.swift; sourceTree = "<group>"; };
		29D8B6712B59BBD200196543 /* AlertController.swift */ = {isa = PBXFileReference; lastKnownFileType = sourcecode.swift; path = AlertController.swift; sourceTree = "<group>"; };
		29D8B6752B59D3DA00196543 /* ForgotPasswordView.swift */ = {isa = PBXFileReference; lastKnownFileType = sourcecode.swift; path = ForgotPasswordView.swift; sourceTree = "<group>"; };
/* End PBXFileReference section */

/* Begin PBXFrameworksBuildPhase section */
		06A5F4082B3A68DF000C0218 /* Frameworks */ = {
			isa = PBXFrameworksBuildPhase;
			buildActionMask = 2147483647;
			files = (
				06ED5B412BD048FF00202332 /* ChargeTripAPI in Frameworks */,
				06B4D8DB2B4F769300DD78CB /* FirebaseDatabaseSwift in Frameworks */,
				062654992B4F6761007120AD /* Swinject in Frameworks */,
				0612A4242B9F929D00936B60 /* MonthYearWheelPicker in Frameworks */,
				062654A62B4F6A0F007120AD /* FirebaseAnalyticsWithoutAdIdSupport in Frameworks */,
				0626549B2B4F6762007120AD /* Swinject-Dynamic in Frameworks */,
				06F12F492BD0403400C9AE27 /* Apollo in Frameworks */,
				062654A02B4F6A0F007120AD /* FirebaseAnalytics in Frameworks */,
				062654A22B4F6A0F007120AD /* FirebaseAnalyticsOnDeviceConversion in Frameworks */,
				06B4D8D92B4F768A00DD78CB /* FirebaseDatabase in Frameworks */,
				06F12F4B2BD0403F00C9AE27 /* ApolloAPI in Frameworks */,
				06B4D8E12B4F76B300DD78CB /* FirebaseStorage in Frameworks */,
				062654A42B4F6A0F007120AD /* FirebaseAnalyticsSwift in Frameworks */,
				06B4D8DD2B4F769900DD78CB /* FirebaseFirestore in Frameworks */,
				06B4D8D72B4F767800DD78CB /* FirebaseAuth in Frameworks */,
				06B4D8DF2B4F769E00DD78CB /* FirebaseFirestoreSwift in Frameworks */,
			);
			runOnlyForDeploymentPostprocessing = 0;
		};
/* End PBXFrameworksBuildPhase section */

/* Begin PBXGroup section */
		060363F92B688FAB005B48ED /* AppUserRepository */ = {
			isa = PBXGroup;
			children = (
				060363FA2B688FD9005B48ED /* UserRepository.swift */,
				060363FC2B688FF3005B48ED /* UserRemoteSource.swift */,
			);
			path = AppUserRepository;
			sourceTree = "<group>";
		};
		060364022B6892CA005B48ED /* AppNavigationScreen */ = {
			isa = PBXGroup;
			children = (
				060364032B6892F3005B48ED /* AppViewController.swift */,
				060364052B689304005B48ED /* AppViewModel.swift */,
			);
			path = AppNavigationScreen;
			sourceTree = "<group>";
		};
		0608E86A2B61EF9000948DAA /* AuthenticationRepository */ = {
			isa = PBXGroup;
			children = (
				06B4D8E22B4F7BD300DD78CB /* AutenticationRepository.swift */,
			);
			path = AuthenticationRepository;
			sourceTree = "<group>";
		};
		06102B9C2B9425530063FEC5 /* AddCar */ = {
			isa = PBXGroup;
			children = (
				06ED5B4D2BD04B0600202332 /* CarsViewModel.swift */,
				06102B9D2B94259C0063FEC5 /* AddCarController.swift */,
				06102B9F2B9425A70063FEC5 /* AddCarView.swift */,
				06102BA12B9425D50063FEC5 /* ChooseModel */,
			);
			path = AddCar;
			sourceTree = "<group>";
		};
		06102BA12B9425D50063FEC5 /* ChooseModel */ = {
			isa = PBXGroup;
			children = (
				06102BA22B9426140063FEC5 /* ChooseModelController.swift */,
				06102BA42B9426200063FEC5 /* ChooseModelView.swift */,
			);
			path = ChooseModel;
			sourceTree = "<group>";
		};
		0622D9052B92392000A84437 /* TableView */ = {
			isa = PBXGroup;
			children = (
				0622D9222B924D1000A84437 /* CustomTableView.swift */,
				0622D9062B92393900A84437 /* PaymentMethodCell.swift */,
				06ED5B522BD04D0400202332 /* ChooseModelCell.swift */,
			);
			path = TableView;
			sourceTree = "<group>";
		};
		0622D90E2B923C8800A84437 /* Settings */ = {
			isa = PBXGroup;
			children = (
				0622D90F2B923CA300A84437 /* SettingsViewModel.swift */,
				0622D9112B923CA800A84437 /* Profile */,
			);
			path = Settings;
			sourceTree = "<group>";
		};
		0622D9112B923CA800A84437 /* Profile */ = {
			isa = PBXGroup;
			children = (
				0622D9122B923CDA00A84437 /* ProfileViewController.swift */,
				0622D9142B923CE900A84437 /* ProfileView.swift */,
				0622D9162B923CF700A84437 /* ProfileRow.swift */,
			);
			path = Profile;
			sourceTree = "<group>";
		};
		0622D9182B92429B00A84437 /* AddPaymentMethod */ = {
			isa = PBXGroup;
			children = (
				0614777B2B9551A800A585A0 /* PaymentMethodViewModel.swift */,
				0622D9192B9242BC00A84437 /* PaymentMethodController.swift */,
				0622D91B2B9242CD00A84437 /* PaymentMethodView.swift */,
				0622D91D2B9242F700A84437 /* AddAndEditPaymentMethod */,
			);
			path = AddPaymentMethod;
			sourceTree = "<group>";
		};
		0622D91D2B9242F700A84437 /* AddAndEditPaymentMethod */ = {
			isa = PBXGroup;
			children = (
				0622D91E2B92431600A84437 /* AddAndEditPMController.swift */,
				0622D9202B92431F00A84437 /* AddAndEditPMView.swift */,
			);
			path = AddAndEditPaymentMethod;
			sourceTree = "<group>";
		};
		062654A92B4F6BCE007120AD /* AppDelegate */ = {
			isa = PBXGroup;
			children = (
				06A5F40E2B3A68DF000C0218 /* AppDelegate.swift */,
				062654AA2B4F6BEE007120AD /* DependencyInjection.swift */,
			);
			path = AppDelegate;
			sourceTree = "<group>";
		};
		062654B02B4F7487007120AD /* FirebaseManager */ = {
			isa = PBXGroup;
			children = (
				062654B12B4F74B9007120AD /* FirebaseManager.swift */,
			);
			path = FirebaseManager;
			sourceTree = "<group>";
		};
		062654B32B4F753C007120AD /* Authentication */ = {
			isa = PBXGroup;
			children = (
				0608E86A2B61EF9000948DAA /* AuthenticationRepository */,
				060363F32B688EFB005B48ED /* AuthenticationManager.swift */,
				060363F52B688F10005B48ED /* LoginRepository.swift */,
				060363F72B688F29005B48ED /* LoginRemoteSource.swift */,
			);
			path = Authentication;
			sourceTree = "<group>";
		};
		065F72AD2B50CCA900CF9C5F /* MainScreen */ = {
			isa = PBXGroup;
			children = (
				065F72AB2B50CB8000CF9C5F /* MainViewModel.swift */,
				06A5F4122B3A68DF000C0218 /* MainViewController.swift */,
				060364002B68920B005B48ED /* MainView.swift */,
				29282FB02B8FBA240056A185 /* SideMenu */,
				0622D90E2B923C8800A84437 /* Settings */,
			);
			path = MainScreen;
			sourceTree = "<group>";
		};
		06A5F4022B3A68DF000C0218 = {
			isa = PBXGroup;
			children = (
				06A5F40D2B3A68DF000C0218 /* WATT */,
				06A5F40C2B3A68DF000C0218 /* Products */,
				06B4D8D52B4F767800DD78CB /* Frameworks */,
			);
			sourceTree = "<group>";
		};
		06A5F40C2B3A68DF000C0218 /* Products */ = {
			isa = PBXGroup;
			children = (
				06A5F40B2B3A68DF000C0218 /* WATT.app */,
			);
			name = Products;
			sourceTree = "<group>";
		};
		06A5F40D2B3A68DF000C0218 /* WATT */ = {
			isa = PBXGroup;
			children = (
				298B7F222B6D2F56003A36C7 /* Design */,
				06ED5B422BD0496000202332 /* Utilities */,
				29D8B6522B559ED000196543 /* Extensions */,
				29D8B64D2B557DC300196543 /* ReusableView  */,
				29282FBD2B98B6C90056A185 /* BaseElements */,
				06EA12B32B3E2A1D001979E9 /* Models */,
				062654B32B4F753C007120AD /* Authentication */,
				060363F92B688FAB005B48ED /* AppUserRepository */,
				062654B02B4F7487007120AD /* FirebaseManager */,
				062654A92B4F6BCE007120AD /* AppDelegate */,
				065F72AD2B50CCA900CF9C5F /* MainScreen */,
				060364022B6892CA005B48ED /* AppNavigationScreen */,
				29D8B6702B59BB4600196543 /* Views */,
				064A90302B79B341003E1734 /* GoogleService-Info.plist */,
				06A5F4172B3A68E4000C0218 /* Assets.xcassets */,
				06A5F4192B3A68E4000C0218 /* LaunchScreen.storyboard */,
				06A5F41C2B3A68E4000C0218 /* Info.plist */,
				06ED5B3D2BD0489200202332 /* CarList.graphql */,
			);
			path = WATT;
			sourceTree = "<group>";
		};
		06B4D8D52B4F767800DD78CB /* Frameworks */ = {
			isa = PBXGroup;
			children = (
			);
			name = Frameworks;
			sourceTree = "<group>";
		};
		06EA12B32B3E2A1D001979E9 /* Models */ = {
			isa = PBXGroup;
			children = (
				062654AC2B4F6F1F007120AD /* AppUser.swift */,
				06A5A4562B6DF89A00C05BCC /* DBUser.swift */,
				298B7F312B6E96C7003A36C7 /* DetailsRowType.swift */,
				29282FB72B90F3510056A185 /* SideMenuRowType.swift */,
				0622D9082B923A4700A84437 /* PaymentMethod.swift */,
				0622D90A2B923A9800A84437 /* PaymentMethodRowType.swift */,
				0622D90C2B923AB800A84437 /* PaymentProviders.swift */,
				06102BA62B9429160063FEC5 /* Car.swift */,
				061F68A42BAFD2FE004954DF /* TFError.swift */,
			);
			path = Models;
			sourceTree = "<group>";
		};
		06ED5B422BD0496000202332 /* Utilities */ = {
			isa = PBXGroup;
			children = (
				06ED5B452BD049A800202332 /* AuthorizationKeys.swift */,
				06ED5B432BD0498600202332 /* NetworkManager.swift */,
				06ED5B472BD049C500202332 /* AuthorizationInterceptor.swift */,
				06ED5B492BD049EA00202332 /* NetworkInterceptorProvider.swift */,
				06ED5B4B2BD04A0100202332 /* CellIdentifier.swift */,
			);
			path = Utilities;
			sourceTree = "<group>";
		};
		06ED5B4F2BD04C1A00202332 /* CollectionView */ = {
			isa = PBXGroup;
			children = (
				06ED5B502BD04C3D00202332 /* CarBrandCell.swift */,
			);
			path = CollectionView;
			sourceTree = "<group>";
		};
		29282FB02B8FBA240056A185 /* SideMenu */ = {
			isa = PBXGroup;
			children = (
				29282FB12B8FBA570056A185 /* SideMenuView.swift */,
				29282FB92B91CAFC0056A185 /* SideMenuRowTap.swift */,
			);
			path = SideMenu;
			sourceTree = "<group>";
		};
		29282FBD2B98B6C90056A185 /* BaseElements */ = {
			isa = PBXGroup;
			children = (
				29282FBE2B98B6EA0056A185 /* BaseViewController.swift */,
			);
			path = BaseElements;
			sourceTree = "<group>";
		};
		2953A4442B77D1660020F8AC /* AddNameAndPhoneNumber */ = {
			isa = PBXGroup;
			children = (
				2953A4472B77D1DC0020F8AC /* AddNameAndPhoneNumberController.swift */,
				2953A4452B77D1870020F8AC /* AddNameAndPhoneNumberView.swift */,
			);
			path = AddNameAndPhoneNumber;
			sourceTree = "<group>";
		};
		298B7F1D2B697AEA003A36C7 /* RegistrationFlow */ = {
			isa = PBXGroup;
			children = (
				298B7F202B697DA2003A36C7 /* AddDetailsController.swift */,
				298B7F1E2B697B47003A36C7 /* AddDetailsView.swift */,
				298B7F2F2B6E968A003A36C7 /* AddDetailRow.swift */,
				2953A4442B77D1660020F8AC /* AddNameAndPhoneNumber */,
				0622D9182B92429B00A84437 /* AddPaymentMethod */,
				06102B9C2B9425530063FEC5 /* AddCar */,
			);
			path = RegistrationFlow;
			sourceTree = "<group>";
		};
		298B7F222B6D2F56003A36C7 /* Design */ = {
			isa = PBXGroup;
			children = (
				298B7F242B6D2F78003A36C7 /* Resources  */,
				298B7F232B6D2F73003A36C7 /* Assets */,
			);
			path = Design;
			sourceTree = "<group>";
		};
		298B7F232B6D2F73003A36C7 /* Assets */ = {
			isa = PBXGroup;
			children = (
				298B7F292B6D2FDB003A36C7 /* Asset.swift */,
				298B7F2B2B6D2FF8003A36C7 /* Colors.swift */,
				298B7F2D2B6D301E003A36C7 /* Icons.swift */,
			);
			path = Assets;
			sourceTree = "<group>";
		};
		298B7F242B6D2F78003A36C7 /* Resources  */ = {
			isa = PBXGroup;
			children = (
				298B7F252B6D2F94003A36C7 /* Colors.xcassets */,
				298B7F272B6D2FB6003A36C7 /* Images.xcassets */,
			);
			path = "Resources ";
			sourceTree = "<group>";
		};
		29D8B64A2B5567A800196543 /* SignIn */ = {
			isa = PBXGroup;
			children = (
				06A5A4582B6DFB7300C05BCC /* SignInViewModel.swift */,
				29D8B64B2B5567DF00196543 /* SignInController.swift */,
				29D8B65D2B596AEC00196543 /* SignInView.swift */,
				29D8B6752B59D3DA00196543 /* ForgotPasswordView.swift */,
			);
			path = SignIn;
			sourceTree = "<group>";
		};
		29D8B64D2B557DC300196543 /* ReusableView  */ = {
			isa = PBXGroup;
			children = (
				29D8B64E2B557DFB00196543 /* TextFieldBackgroundView.swift */,
				29D8B6552B55AB6900196543 /* LogoView.swift */,
				29D8B65F2B597B1D00196543 /* MainButton.swift */,
				29D8B6612B59815F00196543 /* LinkButton.swift */,
				296C27E42B67F9DB0052D350 /* TextLabel.swift */,
				29D8B6632B5983F700196543 /* TextFieldLabel.swift */,
				29D8B6652B5984DE00196543 /* SecondaryLabel.swift */,
				29D8B6672B5992F800196543 /* BlueBackgroundView.swift */,
				29D8B66E2B59AB5800196543 /* TextFieldWithPlaceholder.swift */,
				29D8B6712B59BBD200196543 /* AlertController.swift */,
				296C27E22B67F7930052D350 /* SuccessfulAlertView.swift */,
				29282FAC2B8F68EC0056A185 /* SearchFieldView.swift */,
				29282FAE2B8F811B0056A185 /* RoundedButton.swift */,
				0622D9032B92390700A84437 /* ToggleView.swift */,
				06ED5B4F2BD04C1A00202332 /* CollectionView */,
				0622D9052B92392000A84437 /* TableView */,
			);
			path = "ReusableView ";
			sourceTree = "<group>";
		};
		29D8B6522B559ED000196543 /* Extensions */ = {
			isa = PBXGroup;
			children = (
				29D8B6532B559EE400196543 /* UIView+Layout.swift */,
				29D8B65B2B59574E00196543 /* UIView+Stacking.swift */,
				29282FBB2B98B33E0056A185 /* UIViewController.swift */,
			);
			path = Extensions;
			sourceTree = "<group>";
		};
		29D8B6692B599D7300196543 /* SignUp */ = {
			isa = PBXGroup;
			children = (
				065F72AE2B50CCC900CF9C5F /* SignUpViewModel.swift */,
				29D8B66C2B599DA300196543 /* SignUpController.swift */,
				29D8B66A2B599D8A00196543 /* SignUpView.swift */,
				298B7F1D2B697AEA003A36C7 /* RegistrationFlow */,
			);
			path = SignUp;
			sourceTree = "<group>";
		};
		29D8B6702B59BB4600196543 /* Views */ = {
			isa = PBXGroup;
			children = (
				29D8B64A2B5567A800196543 /* SignIn */,
				29D8B6692B599D7300196543 /* SignUp */,
			);
			path = Views;
			sourceTree = "<group>";
		};
/* End PBXGroup section */

/* Begin PBXNativeTarget section */
		06A5F40A2B3A68DF000C0218 /* WATT */ = {
			isa = PBXNativeTarget;
			buildConfigurationList = 06A5F41F2B3A68E4000C0218 /* Build configuration list for PBXNativeTarget "WATT" */;
			buildPhases = (
				06A5F4072B3A68DF000C0218 /* Sources */,
				06A5F4082B3A68DF000C0218 /* Frameworks */,
				06A5F4092B3A68DF000C0218 /* Resources */,
			);
			buildRules = (
			);
			dependencies = (
			);
			name = WATT;
			packageProductDependencies = (
				062654982B4F6761007120AD /* Swinject */,
				0626549A2B4F6762007120AD /* Swinject-Dynamic */,
				0626549F2B4F6A0F007120AD /* FirebaseAnalytics */,
				062654A12B4F6A0F007120AD /* FirebaseAnalyticsOnDeviceConversion */,
				062654A32B4F6A0F007120AD /* FirebaseAnalyticsSwift */,
				062654A52B4F6A0F007120AD /* FirebaseAnalyticsWithoutAdIdSupport */,
				06B4D8D62B4F767800DD78CB /* FirebaseAuth */,
				06B4D8D82B4F768A00DD78CB /* FirebaseDatabase */,
				06B4D8DA2B4F769300DD78CB /* FirebaseDatabaseSwift */,
				06B4D8DC2B4F769900DD78CB /* FirebaseFirestore */,
				06B4D8DE2B4F769E00DD78CB /* FirebaseFirestoreSwift */,
				06B4D8E02B4F76B300DD78CB /* FirebaseStorage */,
				0612A4232B9F929D00936B60 /* MonthYearWheelPicker */,
				06F12F482BD0403400C9AE27 /* Apollo */,
				06F12F4A2BD0403F00C9AE27 /* ApolloAPI */,
				06ED5B402BD048FF00202332 /* ChargeTripAPI */,
			);
			productName = WATT;
			productReference = 06A5F40B2B3A68DF000C0218 /* WATT.app */;
			productType = "com.apple.product-type.application";
		};
/* End PBXNativeTarget section */

/* Begin PBXProject section */
		06A5F4032B3A68DF000C0218 /* Project object */ = {
			isa = PBXProject;
			attributes = {
				BuildIndependentTargetsInParallel = 1;
				LastSwiftUpdateCheck = 1510;
				LastUpgradeCheck = 1510;
				TargetAttributes = {
					06A5F40A2B3A68DF000C0218 = {
						CreatedOnToolsVersion = 15.1;
					};
				};
			};
			buildConfigurationList = 06A5F4062B3A68DF000C0218 /* Build configuration list for PBXProject "WATT" */;
			compatibilityVersion = "Xcode 14.0";
			developmentRegion = en;
			hasScannedForEncodings = 0;
			knownRegions = (
				en,
				Base,
			);
			mainGroup = 06A5F4022B3A68DF000C0218;
			packageReferences = (
				062654972B4F6761007120AD /* XCRemoteSwiftPackageReference "Swinject" */,
				0626549E2B4F6A0F007120AD /* XCRemoteSwiftPackageReference "firebase-ios-sdk" */,
				0612A4222B9F929D00936B60 /* XCRemoteSwiftPackageReference "MonthYearWheelPicker" */,
				06F12F472BD0400700C9AE27 /* XCRemoteSwiftPackageReference "apollo-ios" */,
				06ED5B3F2BD048FF00202332 /* XCLocalSwiftPackageReference "ChargeTripAPI" */,
			);
			productRefGroup = 06A5F40C2B3A68DF000C0218 /* Products */;
			projectDirPath = "";
			projectRoot = "";
			targets = (
				06A5F40A2B3A68DF000C0218 /* WATT */,
			);
		};
/* End PBXProject section */

/* Begin PBXResourcesBuildPhase section */
		06A5F4092B3A68DF000C0218 /* Resources */ = {
			isa = PBXResourcesBuildPhase;
			buildActionMask = 2147483647;
			files = (
				06ED5B3E2BD0489200202332 /* CarList.graphql in Resources */,
				06A5F41B2B3A68E4000C0218 /* LaunchScreen.storyboard in Resources */,
				298B7F282B6D2FB6003A36C7 /* Images.xcassets in Resources */,
				064A90312B79B341003E1734 /* GoogleService-Info.plist in Resources */,
				298B7F262B6D2F94003A36C7 /* Colors.xcassets in Resources */,
				06A5F4182B3A68E4000C0218 /* Assets.xcassets in Resources */,
			);
			runOnlyForDeploymentPostprocessing = 0;
		};
/* End PBXResourcesBuildPhase section */

/* Begin PBXSourcesBuildPhase section */
		06A5F4072B3A68DF000C0218 /* Sources */ = {
			isa = PBXSourcesBuildPhase;
			buildActionMask = 2147483647;
			files = (
				296C27E32B67F7930052D350 /* SuccessfulAlertView.swift in Sources */,
				0622D90D2B923AB800A84437 /* PaymentProviders.swift in Sources */,
				062654B22B4F74B9007120AD /* FirebaseManager.swift in Sources */,
				298B7F2E2B6D301E003A36C7 /* Icons.swift in Sources */,
				06ED5B462BD049A800202332 /* AuthorizationKeys.swift in Sources */,
				0622D91F2B92431600A84437 /* AddAndEditPMController.swift in Sources */,
				065F72AF2B50CCC900CF9C5F /* SignUpViewModel.swift in Sources */,
				0622D90B2B923A9800A84437 /* PaymentMethodRowType.swift in Sources */,
				29D8B6662B5984DE00196543 /* SecondaryLabel.swift in Sources */,
				06ED5B482BD049C500202332 /* AuthorizationInterceptor.swift in Sources */,
				06ED5B512BD04C3D00202332 /* CarBrandCell.swift in Sources */,
				298B7F2C2B6D2FF8003A36C7 /* Colors.swift in Sources */,
				0622D9212B92431F00A84437 /* AddAndEditPMView.swift in Sources */,
				29D8B6722B59BBD200196543 /* AlertController.swift in Sources */,
				06102B9E2B94259C0063FEC5 /* AddCarController.swift in Sources */,
				0622D9132B923CDA00A84437 /* ProfileViewController.swift in Sources */,
				29D8B64F2B557DFB00196543 /* TextFieldBackgroundView.swift in Sources */,
				29282FBC2B98B33E0056A185 /* UIViewController.swift in Sources */,
				298B7F302B6E968A003A36C7 /* AddDetailRow.swift in Sources */,
				062654AB2B4F6BEE007120AD /* DependencyInjection.swift in Sources */,
				060363F42B688EFB005B48ED /* AuthenticationManager.swift in Sources */,
				06102BA72B9429160063FEC5 /* Car.swift in Sources */,
				06102BA52B9426200063FEC5 /* ChooseModelView.swift in Sources */,
				060364012B68920B005B48ED /* MainView.swift in Sources */,
				29282FBF2B98B6EA0056A185 /* BaseViewController.swift in Sources */,
				29D8B6682B5992F800196543 /* BlueBackgroundView.swift in Sources */,
				29D8B66B2B599D8A00196543 /* SignUpView.swift in Sources */,
				298B7F322B6E96C7003A36C7 /* DetailsRowType.swift in Sources */,
				06A5F4132B3A68DF000C0218 /* MainViewController.swift in Sources */,
				29282FBA2B91CAFC0056A185 /* SideMenuRowTap.swift in Sources */,
				29282FB82B90F3510056A185 /* SideMenuRowType.swift in Sources */,
				2953A4482B77D1DC0020F8AC /* AddNameAndPhoneNumberController.swift in Sources */,
				29D8B66D2B599DA300196543 /* SignUpController.swift in Sources */,
				0622D91A2B9242BC00A84437 /* PaymentMethodController.swift in Sources */,
				29282FB22B8FBA570056A185 /* SideMenuView.swift in Sources */,
				298B7F2A2B6D2FDB003A36C7 /* Asset.swift in Sources */,
				0622D9042B92390700A84437 /* ToggleView.swift in Sources */,
				06102BA32B9426140063FEC5 /* ChooseModelController.swift in Sources */,
				06B4D8E32B4F7BD300DD78CB /* AutenticationRepository.swift in Sources */,
				298B7F212B697DA2003A36C7 /* AddDetailsController.swift in Sources */,
				0622D9072B92393900A84437 /* PaymentMethodCell.swift in Sources */,
				298B7F1F2B697B47003A36C7 /* AddDetailsView.swift in Sources */,
				29D8B65C2B59574E00196543 /* UIView+Stacking.swift in Sources */,
				29D8B6642B5983F700196543 /* TextFieldLabel.swift in Sources */,
				296C27E52B67F9DB0052D350 /* TextLabel.swift in Sources */,
				2953A4462B77D1870020F8AC /* AddNameAndPhoneNumberView.swift in Sources */,
				060364042B6892F3005B48ED /* AppViewController.swift in Sources */,
				06ED5B4C2BD04A0100202332 /* CellIdentifier.swift in Sources */,
				061F68A52BAFD2FE004954DF /* TFError.swift in Sources */,
				06ED5B4E2BD04B0600202332 /* CarsViewModel.swift in Sources */,
				06ED5B532BD04D0400202332 /* ChooseModelCell.swift in Sources */,
				060363FD2B688FF3005B48ED /* UserRemoteSource.swift in Sources */,
				06A5A4572B6DF89A00C05BCC /* DBUser.swift in Sources */,
				0622D9172B923CF700A84437 /* ProfileRow.swift in Sources */,
				29282FAF2B8F811C0056A185 /* RoundedButton.swift in Sources */,
				06ED5B4A2BD049EA00202332 /* NetworkInterceptorProvider.swift in Sources */,
				0614777C2B9551A800A585A0 /* PaymentMethodViewModel.swift in Sources */,
				065F72AC2B50CB8000CF9C5F /* MainViewModel.swift in Sources */,
				29D8B6542B559EE400196543 /* UIView+Layout.swift in Sources */,
				0622D9152B923CE900A84437 /* ProfileView.swift in Sources */,
				060363F62B688F10005B48ED /* LoginRepository.swift in Sources */,
				0622D9232B924D1000A84437 /* CustomTableView.swift in Sources */,
				06A5F40F2B3A68DF000C0218 /* AppDelegate.swift in Sources */,
				06ED5B442BD0498600202332 /* NetworkManager.swift in Sources */,
				060363FB2B688FD9005B48ED /* UserRepository.swift in Sources */,
				060364062B689304005B48ED /* AppViewModel.swift in Sources */,
				29282FAD2B8F68ED0056A185 /* SearchFieldView.swift in Sources */,
				29D8B6562B55AB6900196543 /* LogoView.swift in Sources */,
				29D8B6762B59D3DA00196543 /* ForgotPasswordView.swift in Sources */,
				29D8B6602B597B1D00196543 /* MainButton.swift in Sources */,
				062654AD2B4F6F1F007120AD /* AppUser.swift in Sources */,
				0622D9092B923A4700A84437 /* PaymentMethod.swift in Sources */,
				06102BA02B9425A70063FEC5 /* AddCarView.swift in Sources */,
				29D8B6622B59815F00196543 /* LinkButton.swift in Sources */,
				060363F82B688F29005B48ED /* LoginRemoteSource.swift in Sources */,
				06A5A4592B6DFB7300C05BCC /* SignInViewModel.swift in Sources */,
				29D8B66F2B59AB5800196543 /* TextFieldWithPlaceholder.swift in Sources */,
				29D8B65E2B596AEC00196543 /* SignInView.swift in Sources */,
				0622D91C2B9242CD00A84437 /* PaymentMethodView.swift in Sources */,
				29D8B64C2B5567DF00196543 /* SignInController.swift in Sources */,
				0622D9102B923CA300A84437 /* SettingsViewModel.swift in Sources */,
			);
			runOnlyForDeploymentPostprocessing = 0;
		};
/* End PBXSourcesBuildPhase section */

/* Begin PBXVariantGroup section */
		06A5F4192B3A68E4000C0218 /* LaunchScreen.storyboard */ = {
			isa = PBXVariantGroup;
			children = (
				06A5F41A2B3A68E4000C0218 /* Base */,
			);
			name = LaunchScreen.storyboard;
			sourceTree = "<group>";
		};
/* End PBXVariantGroup section */

/* Begin XCBuildConfiguration section */
		06A5F41D2B3A68E4000C0218 /* Debug */ = {
			isa = XCBuildConfiguration;
			buildSettings = {
				ALWAYS_SEARCH_USER_PATHS = NO;
				ASSETCATALOG_COMPILER_GENERATE_SWIFT_ASSET_SYMBOL_EXTENSIONS = YES;
				CLANG_ANALYZER_NONNULL = YES;
				CLANG_ANALYZER_NUMBER_OBJECT_CONVERSION = YES_AGGRESSIVE;
				CLANG_CXX_LANGUAGE_STANDARD = "gnu++20";
				CLANG_ENABLE_MODULES = YES;
				CLANG_ENABLE_OBJC_ARC = YES;
				CLANG_ENABLE_OBJC_WEAK = YES;
				CLANG_WARN_BLOCK_CAPTURE_AUTORELEASING = YES;
				CLANG_WARN_BOOL_CONVERSION = YES;
				CLANG_WARN_COMMA = YES;
				CLANG_WARN_CONSTANT_CONVERSION = YES;
				CLANG_WARN_DEPRECATED_OBJC_IMPLEMENTATIONS = YES;
				CLANG_WARN_DIRECT_OBJC_ISA_USAGE = YES_ERROR;
				CLANG_WARN_DOCUMENTATION_COMMENTS = YES;
				CLANG_WARN_EMPTY_BODY = YES;
				CLANG_WARN_ENUM_CONVERSION = YES;
				CLANG_WARN_INFINITE_RECURSION = YES;
				CLANG_WARN_INT_CONVERSION = YES;
				CLANG_WARN_NON_LITERAL_NULL_CONVERSION = YES;
				CLANG_WARN_OBJC_IMPLICIT_RETAIN_SELF = YES;
				CLANG_WARN_OBJC_LITERAL_CONVERSION = YES;
				CLANG_WARN_OBJC_ROOT_CLASS = YES_ERROR;
				CLANG_WARN_QUOTED_INCLUDE_IN_FRAMEWORK_HEADER = YES;
				CLANG_WARN_RANGE_LOOP_ANALYSIS = YES;
				CLANG_WARN_STRICT_PROTOTYPES = YES;
				CLANG_WARN_SUSPICIOUS_MOVE = YES;
				CLANG_WARN_UNGUARDED_AVAILABILITY = YES_AGGRESSIVE;
				CLANG_WARN_UNREACHABLE_CODE = YES;
				CLANG_WARN__DUPLICATE_METHOD_MATCH = YES;
				COPY_PHASE_STRIP = NO;
				DEBUG_INFORMATION_FORMAT = dwarf;
				ENABLE_STRICT_OBJC_MSGSEND = YES;
				ENABLE_TESTABILITY = YES;
				ENABLE_USER_SCRIPT_SANDBOXING = YES;
				GCC_C_LANGUAGE_STANDARD = gnu17;
				GCC_DYNAMIC_NO_PIC = NO;
				GCC_NO_COMMON_BLOCKS = YES;
				GCC_OPTIMIZATION_LEVEL = 0;
				GCC_PREPROCESSOR_DEFINITIONS = (
					"DEBUG=1",
					"$(inherited)",
				);
				GCC_WARN_64_TO_32_BIT_CONVERSION = YES;
				GCC_WARN_ABOUT_RETURN_TYPE = YES_ERROR;
				GCC_WARN_UNDECLARED_SELECTOR = YES;
				GCC_WARN_UNINITIALIZED_AUTOS = YES_AGGRESSIVE;
				GCC_WARN_UNUSED_FUNCTION = YES;
				GCC_WARN_UNUSED_VARIABLE = YES;
				IPHONEOS_DEPLOYMENT_TARGET = 17.2;
				LOCALIZATION_PREFERS_STRING_CATALOGS = YES;
				MTL_ENABLE_DEBUG_INFO = INCLUDE_SOURCE;
				MTL_FAST_MATH = YES;
				ONLY_ACTIVE_ARCH = YES;
				SDKROOT = iphoneos;
				SWIFT_ACTIVE_COMPILATION_CONDITIONS = "DEBUG $(inherited)";
				SWIFT_OPTIMIZATION_LEVEL = "-Onone";
			};
			name = Debug;
		};
		06A5F41E2B3A68E4000C0218 /* Release */ = {
			isa = XCBuildConfiguration;
			buildSettings = {
				ALWAYS_SEARCH_USER_PATHS = NO;
				ASSETCATALOG_COMPILER_GENERATE_SWIFT_ASSET_SYMBOL_EXTENSIONS = YES;
				CLANG_ANALYZER_NONNULL = YES;
				CLANG_ANALYZER_NUMBER_OBJECT_CONVERSION = YES_AGGRESSIVE;
				CLANG_CXX_LANGUAGE_STANDARD = "gnu++20";
				CLANG_ENABLE_MODULES = YES;
				CLANG_ENABLE_OBJC_ARC = YES;
				CLANG_ENABLE_OBJC_WEAK = YES;
				CLANG_WARN_BLOCK_CAPTURE_AUTORELEASING = YES;
				CLANG_WARN_BOOL_CONVERSION = YES;
				CLANG_WARN_COMMA = YES;
				CLANG_WARN_CONSTANT_CONVERSION = YES;
				CLANG_WARN_DEPRECATED_OBJC_IMPLEMENTATIONS = YES;
				CLANG_WARN_DIRECT_OBJC_ISA_USAGE = YES_ERROR;
				CLANG_WARN_DOCUMENTATION_COMMENTS = YES;
				CLANG_WARN_EMPTY_BODY = YES;
				CLANG_WARN_ENUM_CONVERSION = YES;
				CLANG_WARN_INFINITE_RECURSION = YES;
				CLANG_WARN_INT_CONVERSION = YES;
				CLANG_WARN_NON_LITERAL_NULL_CONVERSION = YES;
				CLANG_WARN_OBJC_IMPLICIT_RETAIN_SELF = YES;
				CLANG_WARN_OBJC_LITERAL_CONVERSION = YES;
				CLANG_WARN_OBJC_ROOT_CLASS = YES_ERROR;
				CLANG_WARN_QUOTED_INCLUDE_IN_FRAMEWORK_HEADER = YES;
				CLANG_WARN_RANGE_LOOP_ANALYSIS = YES;
				CLANG_WARN_STRICT_PROTOTYPES = YES;
				CLANG_WARN_SUSPICIOUS_MOVE = YES;
				CLANG_WARN_UNGUARDED_AVAILABILITY = YES_AGGRESSIVE;
				CLANG_WARN_UNREACHABLE_CODE = YES;
				CLANG_WARN__DUPLICATE_METHOD_MATCH = YES;
				COPY_PHASE_STRIP = NO;
				DEBUG_INFORMATION_FORMAT = "dwarf-with-dsym";
				ENABLE_NS_ASSERTIONS = NO;
				ENABLE_STRICT_OBJC_MSGSEND = YES;
				ENABLE_USER_SCRIPT_SANDBOXING = YES;
				GCC_C_LANGUAGE_STANDARD = gnu17;
				GCC_NO_COMMON_BLOCKS = YES;
				GCC_WARN_64_TO_32_BIT_CONVERSION = YES;
				GCC_WARN_ABOUT_RETURN_TYPE = YES_ERROR;
				GCC_WARN_UNDECLARED_SELECTOR = YES;
				GCC_WARN_UNINITIALIZED_AUTOS = YES_AGGRESSIVE;
				GCC_WARN_UNUSED_FUNCTION = YES;
				GCC_WARN_UNUSED_VARIABLE = YES;
				IPHONEOS_DEPLOYMENT_TARGET = 17.2;
				LOCALIZATION_PREFERS_STRING_CATALOGS = YES;
				MTL_ENABLE_DEBUG_INFO = NO;
				MTL_FAST_MATH = YES;
				SDKROOT = iphoneos;
				SWIFT_COMPILATION_MODE = wholemodule;
				VALIDATE_PRODUCT = YES;
			};
			name = Release;
		};
		06A5F4202B3A68E4000C0218 /* Debug */ = {
			isa = XCBuildConfiguration;
			buildSettings = {
				ASSETCATALOG_COMPILER_APPICON_NAME = AppIcon;
				ASSETCATALOG_COMPILER_GLOBAL_ACCENT_COLOR_NAME = AccentColor;
				CODE_SIGN_STYLE = Automatic;
				CURRENT_PROJECT_VERSION = 1;
				DEVELOPMENT_TEAM = "";
				GENERATE_INFOPLIST_FILE = YES;
				INFOPLIST_FILE = WATT/Info.plist;
				INFOPLIST_KEY_UIApplicationSupportsIndirectInputEvents = YES;
				INFOPLIST_KEY_UILaunchStoryboardName = LaunchScreen;
				INFOPLIST_KEY_UISupportedInterfaceOrientations = "UIInterfaceOrientationLandscapeLeft UIInterfaceOrientationLandscapeRight UIInterfaceOrientationPortrait";
				INFOPLIST_KEY_UISupportedInterfaceOrientations_iPad = "UIInterfaceOrientationPortrait UIInterfaceOrientationPortraitUpsideDown";
				LD_RUNPATH_SEARCH_PATHS = (
					"$(inherited)",
					"@executable_path/Frameworks",
				);
				MARKETING_VERSION = 1.0;
				PRODUCT_BUNDLE_IDENTIFIER = "six-o-two.com.WATT";
				PRODUCT_NAME = "$(TARGET_NAME)";
				SUPPORTED_PLATFORMS = "iphoneos iphonesimulator";
				SUPPORTS_MACCATALYST = NO;
				SWIFT_EMIT_LOC_STRINGS = YES;
				SWIFT_VERSION = 5.0;
				TARGETED_DEVICE_FAMILY = 1;
			};
			name = Debug;
		};
		06A5F4212B3A68E4000C0218 /* Release */ = {
			isa = XCBuildConfiguration;
			buildSettings = {
				ASSETCATALOG_COMPILER_APPICON_NAME = AppIcon;
				ASSETCATALOG_COMPILER_GLOBAL_ACCENT_COLOR_NAME = AccentColor;
				CODE_SIGN_STYLE = Automatic;
				CURRENT_PROJECT_VERSION = 1;
				DEVELOPMENT_TEAM = "";
				GENERATE_INFOPLIST_FILE = YES;
				INFOPLIST_FILE = WATT/Info.plist;
				INFOPLIST_KEY_UIApplicationSupportsIndirectInputEvents = YES;
				INFOPLIST_KEY_UILaunchStoryboardName = LaunchScreen;
				INFOPLIST_KEY_UISupportedInterfaceOrientations = "UIInterfaceOrientationLandscapeLeft UIInterfaceOrientationLandscapeRight UIInterfaceOrientationPortrait";
				INFOPLIST_KEY_UISupportedInterfaceOrientations_iPad = "UIInterfaceOrientationPortrait UIInterfaceOrientationPortraitUpsideDown";
				LD_RUNPATH_SEARCH_PATHS = (
					"$(inherited)",
					"@executable_path/Frameworks",
				);
				MARKETING_VERSION = 1.0;
				PRODUCT_BUNDLE_IDENTIFIER = "six-o-two.com.WATT";
				PRODUCT_NAME = "$(TARGET_NAME)";
				SUPPORTED_PLATFORMS = "iphoneos iphonesimulator";
				SUPPORTS_MACCATALYST = NO;
				SWIFT_EMIT_LOC_STRINGS = YES;
				SWIFT_VERSION = 5.0;
				TARGETED_DEVICE_FAMILY = 1;
			};
			name = Release;
		};
/* End XCBuildConfiguration section */

/* Begin XCConfigurationList section */
		06A5F4062B3A68DF000C0218 /* Build configuration list for PBXProject "WATT" */ = {
			isa = XCConfigurationList;
			buildConfigurations = (
				06A5F41D2B3A68E4000C0218 /* Debug */,
				06A5F41E2B3A68E4000C0218 /* Release */,
			);
			defaultConfigurationIsVisible = 0;
			defaultConfigurationName = Release;
		};
		06A5F41F2B3A68E4000C0218 /* Build configuration list for PBXNativeTarget "WATT" */ = {
			isa = XCConfigurationList;
			buildConfigurations = (
				06A5F4202B3A68E4000C0218 /* Debug */,
				06A5F4212B3A68E4000C0218 /* Release */,
			);
			defaultConfigurationIsVisible = 0;
			defaultConfigurationName = Release;
		};
/* End XCConfigurationList section */

/* Begin XCLocalSwiftPackageReference section */
		06ED5B3F2BD048FF00202332 /* XCLocalSwiftPackageReference "ChargeTripAPI" */ = {
			isa = XCLocalSwiftPackageReference;
			relativePath = ChargeTripAPI;
		};
/* End XCLocalSwiftPackageReference section */

/* Begin XCRemoteSwiftPackageReference section */
		0612A4222B9F929D00936B60 /* XCRemoteSwiftPackageReference "MonthYearWheelPicker" */ = {
			isa = XCRemoteSwiftPackageReference;
			repositoryURL = "https://github.com/bendodson/MonthYearWheelPicker.git";
			requirement = {
				kind = upToNextMajorVersion;
				minimumVersion = 1.0.1;
			};
		};
		062654972B4F6761007120AD /* XCRemoteSwiftPackageReference "Swinject" */ = {
			isa = XCRemoteSwiftPackageReference;
			repositoryURL = "https://github.com/Swinject/Swinject.git";
			requirement = {
				kind = upToNextMajorVersion;
				minimumVersion = 2.8.4;
			};
		};
		0626549E2B4F6A0F007120AD /* XCRemoteSwiftPackageReference "firebase-ios-sdk" */ = {
			isa = XCRemoteSwiftPackageReference;
			repositoryURL = "https://github.com/firebase/firebase-ios-sdk";
			requirement = {
				kind = upToNextMajorVersion;
				minimumVersion = 10.19.1;
			};
		};
		06F12F472BD0400700C9AE27 /* XCRemoteSwiftPackageReference "apollo-ios" */ = {
			isa = XCRemoteSwiftPackageReference;
			repositoryURL = "https://github.com/apollographql/apollo-ios.git";
			requirement = {
				kind = upToNextMajorVersion;
				minimumVersion = 1.10.0;
			};
		};
/* End XCRemoteSwiftPackageReference section */

/* Begin XCSwiftPackageProductDependency section */
		0612A4232B9F929D00936B60 /* MonthYearWheelPicker */ = {
			isa = XCSwiftPackageProductDependency;
			package = 0612A4222B9F929D00936B60 /* XCRemoteSwiftPackageReference "MonthYearWheelPicker" */;
			productName = MonthYearWheelPicker;
		};
		062654982B4F6761007120AD /* Swinject */ = {
			isa = XCSwiftPackageProductDependency;
			package = 062654972B4F6761007120AD /* XCRemoteSwiftPackageReference "Swinject" */;
			productName = Swinject;
		};
		0626549A2B4F6762007120AD /* Swinject-Dynamic */ = {
			isa = XCSwiftPackageProductDependency;
			package = 062654972B4F6761007120AD /* XCRemoteSwiftPackageReference "Swinject" */;
			productName = "Swinject-Dynamic";
		};
		0626549F2B4F6A0F007120AD /* FirebaseAnalytics */ = {
			isa = XCSwiftPackageProductDependency;
			package = 0626549E2B4F6A0F007120AD /* XCRemoteSwiftPackageReference "firebase-ios-sdk" */;
			productName = FirebaseAnalytics;
		};
		062654A12B4F6A0F007120AD /* FirebaseAnalyticsOnDeviceConversion */ = {
			isa = XCSwiftPackageProductDependency;
			package = 0626549E2B4F6A0F007120AD /* XCRemoteSwiftPackageReference "firebase-ios-sdk" */;
			productName = FirebaseAnalyticsOnDeviceConversion;
		};
		062654A32B4F6A0F007120AD /* FirebaseAnalyticsSwift */ = {
			isa = XCSwiftPackageProductDependency;
			package = 0626549E2B4F6A0F007120AD /* XCRemoteSwiftPackageReference "firebase-ios-sdk" */;
			productName = FirebaseAnalyticsSwift;
		};
		062654A52B4F6A0F007120AD /* FirebaseAnalyticsWithoutAdIdSupport */ = {
			isa = XCSwiftPackageProductDependency;
			package = 0626549E2B4F6A0F007120AD /* XCRemoteSwiftPackageReference "firebase-ios-sdk" */;
			productName = FirebaseAnalyticsWithoutAdIdSupport;
		};
		06B4D8D62B4F767800DD78CB /* FirebaseAuth */ = {
			isa = XCSwiftPackageProductDependency;
			package = 0626549E2B4F6A0F007120AD /* XCRemoteSwiftPackageReference "firebase-ios-sdk" */;
			productName = FirebaseAuth;
		};
		06B4D8D82B4F768A00DD78CB /* FirebaseDatabase */ = {
			isa = XCSwiftPackageProductDependency;
			package = 0626549E2B4F6A0F007120AD /* XCRemoteSwiftPackageReference "firebase-ios-sdk" */;
			productName = FirebaseDatabase;
		};
		06B4D8DA2B4F769300DD78CB /* FirebaseDatabaseSwift */ = {
			isa = XCSwiftPackageProductDependency;
			package = 0626549E2B4F6A0F007120AD /* XCRemoteSwiftPackageReference "firebase-ios-sdk" */;
			productName = FirebaseDatabaseSwift;
		};
		06B4D8DC2B4F769900DD78CB /* FirebaseFirestore */ = {
			isa = XCSwiftPackageProductDependency;
			package = 0626549E2B4F6A0F007120AD /* XCRemoteSwiftPackageReference "firebase-ios-sdk" */;
			productName = FirebaseFirestore;
		};
		06B4D8DE2B4F769E00DD78CB /* FirebaseFirestoreSwift */ = {
			isa = XCSwiftPackageProductDependency;
			package = 0626549E2B4F6A0F007120AD /* XCRemoteSwiftPackageReference "firebase-ios-sdk" */;
			productName = FirebaseFirestoreSwift;
		};
		06B4D8E02B4F76B300DD78CB /* FirebaseStorage */ = {
			isa = XCSwiftPackageProductDependency;
			package = 0626549E2B4F6A0F007120AD /* XCRemoteSwiftPackageReference "firebase-ios-sdk" */;
			productName = FirebaseStorage;
		};
		06ED5B402BD048FF00202332 /* ChargeTripAPI */ = {
			isa = XCSwiftPackageProductDependency;
			productName = ChargeTripAPI;
		};
		06F12F482BD0403400C9AE27 /* Apollo */ = {
			isa = XCSwiftPackageProductDependency;
			package = 06F12F472BD0400700C9AE27 /* XCRemoteSwiftPackageReference "apollo-ios" */;
			productName = Apollo;
		};
		06F12F4A2BD0403F00C9AE27 /* ApolloAPI */ = {
			isa = XCSwiftPackageProductDependency;
			package = 06F12F472BD0400700C9AE27 /* XCRemoteSwiftPackageReference "apollo-ios" */;
			productName = ApolloAPI;
		};
/* End XCSwiftPackageProductDependency section */
	};
	rootObject = 06A5F4032B3A68DF000C0218 /* Project object */;
}
